// !$*UTF8*$!
{
	archiveVersion = 1;
	classes = {
	};
	objectVersion = 56;
	objects = {

/* Begin PBXBuildFile section */
		CC17CDB9298FEB230066A7C8 /* AppDelegate.swift in Sources */ = {isa = PBXBuildFile; fileRef = CC17CDB8298FEB230066A7C8 /* AppDelegate.swift */; };
		CC17CDBB298FEB230066A7C8 /* SceneDelegate.swift in Sources */ = {isa = PBXBuildFile; fileRef = CC17CDBA298FEB230066A7C8 /* SceneDelegate.swift */; };
		CC17CDBD298FEB230066A7C8 /* CompositeTableVC.swift in Sources */ = {isa = PBXBuildFile; fileRef = CC17CDBC298FEB230066A7C8 /* CompositeTableVC.swift */; };
		CC17CDC0298FEB230066A7C8 /* Main.storyboard in Resources */ = {isa = PBXBuildFile; fileRef = CC17CDBE298FEB230066A7C8 /* Main.storyboard */; };
		CC17CDC2298FEB240066A7C8 /* Assets.xcassets in Resources */ = {isa = PBXBuildFile; fileRef = CC17CDC1298FEB240066A7C8 /* Assets.xcassets */; };
		CC17CDC5298FEB240066A7C8 /* LaunchScreen.storyboard in Resources */ = {isa = PBXBuildFile; fileRef = CC17CDC3298FEB240066A7C8 /* LaunchScreen.storyboard */; };
		CC17CDD0298FEB240066A7C8 /* CompositeTableTests.swift in Sources */ = {isa = PBXBuildFile; fileRef = CC17CDCF298FEB240066A7C8 /* CompositeTableTests.swift */; };
		CC17CDDA298FEB240066A7C8 /* CompositeTableUITests.swift in Sources */ = {isa = PBXBuildFile; fileRef = CC17CDD9298FEB240066A7C8 /* CompositeTableUITests.swift */; };
		CC17CDDC298FEB240066A7C8 /* CompositeTableUITestsLaunchTests.swift in Sources */ = {isa = PBXBuildFile; fileRef = CC17CDDB298FEB240066A7C8 /* CompositeTableUITestsLaunchTests.swift */; };
		CC7C20A6299C976D00C5CF07 /* TableViewSectionProvider.swift in Sources */ = {isa = PBXBuildFile; fileRef = CC7C20A5299C976D00C5CF07 /* TableViewSectionProvider.swift */; };
		CC7C20A8299CE39A00C5CF07 /* RandomNumberSectionProvider.swift in Sources */ = {isa = PBXBuildFile; fileRef = CC7C20A7299CE39A00C5CF07 /* RandomNumberSectionProvider.swift */; };
		CC7C20AA299CE40C00C5CF07 /* SimpleTableCell.swift in Sources */ = {isa = PBXBuildFile; fileRef = CC7C20A9299CE40C00C5CF07 /* SimpleTableCell.swift */; };
		CC7C20AC299CE43700C5CF07 /* SimpleTableCell.xib in Resources */ = {isa = PBXBuildFile; fileRef = CC7C20AB299CE43700C5CF07 /* SimpleTableCell.xib */; };
		CC7C20B1299E0AAF00C5CF07 /* RandomNumberSectionHeader.swift in Sources */ = {isa = PBXBuildFile; fileRef = CC7C20B0299E0AAF00C5CF07 /* RandomNumberSectionHeader.swift */; };
		CC7C20B3299E4E0E00C5CF07 /* ShoppingSearchVC.swift in Sources */ = {isa = PBXBuildFile; fileRef = CC7C20B2299E4E0E00C5CF07 /* ShoppingSearchVC.swift */; };
		CC7C20B6299F2C0200C5CF07 /* TableItem.swift in Sources */ = {isa = PBXBuildFile; fileRef = CC7C20B5299F2C0200C5CF07 /* TableItem.swift */; };
		CC7C20B8299F2C4400C5CF07 /* TableSectionView.swift in Sources */ = {isa = PBXBuildFile; fileRef = CC7C20B7299F2C4400C5CF07 /* TableSectionView.swift */; };
		CC7C20BA299F2C7F00C5CF07 /* CompositeTableDataSource.swift in Sources */ = {isa = PBXBuildFile; fileRef = CC7C20B9299F2C7F00C5CF07 /* CompositeTableDataSource.swift */; };
/* End PBXBuildFile section */

/* Begin PBXContainerItemProxy section */
		CC17CDCC298FEB240066A7C8 /* PBXContainerItemProxy */ = {
			isa = PBXContainerItemProxy;
			containerPortal = CC17CDAD298FEB230066A7C8 /* Project object */;
			proxyType = 1;
			remoteGlobalIDString = CC17CDB4298FEB230066A7C8;
			remoteInfo = CompositeTable;
		};
		CC17CDD6298FEB240066A7C8 /* PBXContainerItemProxy */ = {
			isa = PBXContainerItemProxy;
			containerPortal = CC17CDAD298FEB230066A7C8 /* Project object */;
			proxyType = 1;
			remoteGlobalIDString = CC17CDB4298FEB230066A7C8;
			remoteInfo = CompositeTable;
		};
/* End PBXContainerItemProxy section */

/* Begin PBXFileReference section */
		CC17CDB5298FEB230066A7C8 /* CompositeTable.app */ = {isa = PBXFileReference; explicitFileType = wrapper.application; includeInIndex = 0; path = CompositeTable.app; sourceTree = BUILT_PRODUCTS_DIR; };
		CC17CDB8298FEB230066A7C8 /* AppDelegate.swift */ = {isa = PBXFileReference; lastKnownFileType = sourcecode.swift; path = AppDelegate.swift; sourceTree = "<group>"; };
		CC17CDBA298FEB230066A7C8 /* SceneDelegate.swift */ = {isa = PBXFileReference; lastKnownFileType = sourcecode.swift; path = SceneDelegate.swift; sourceTree = "<group>"; };
		CC17CDBC298FEB230066A7C8 /* CompositeTableVC.swift */ = {isa = PBXFileReference; lastKnownFileType = sourcecode.swift; path = CompositeTableVC.swift; sourceTree = "<group>"; };
		CC17CDBF298FEB230066A7C8 /* Base */ = {isa = PBXFileReference; lastKnownFileType = file.storyboard; name = Base; path = Base.lproj/Main.storyboard; sourceTree = "<group>"; };
		CC17CDC1298FEB240066A7C8 /* Assets.xcassets */ = {isa = PBXFileReference; lastKnownFileType = folder.assetcatalog; path = Assets.xcassets; sourceTree = "<group>"; };
		CC17CDC4298FEB240066A7C8 /* Base */ = {isa = PBXFileReference; lastKnownFileType = file.storyboard; name = Base; path = Base.lproj/LaunchScreen.storyboard; sourceTree = "<group>"; };
		CC17CDC6298FEB240066A7C8 /* Info.plist */ = {isa = PBXFileReference; lastKnownFileType = text.plist.xml; path = Info.plist; sourceTree = "<group>"; };
		CC17CDCB298FEB240066A7C8 /* CompositeTableTests.xctest */ = {isa = PBXFileReference; explicitFileType = wrapper.cfbundle; includeInIndex = 0; path = CompositeTableTests.xctest; sourceTree = BUILT_PRODUCTS_DIR; };
		CC17CDCF298FEB240066A7C8 /* CompositeTableTests.swift */ = {isa = PBXFileReference; lastKnownFileType = sourcecode.swift; path = CompositeTableTests.swift; sourceTree = "<group>"; };
		CC17CDD5298FEB240066A7C8 /* CompositeTableUITests.xctest */ = {isa = PBXFileReference; explicitFileType = wrapper.cfbundle; includeInIndex = 0; path = CompositeTableUITests.xctest; sourceTree = BUILT_PRODUCTS_DIR; };
		CC17CDD9298FEB240066A7C8 /* CompositeTableUITests.swift */ = {isa = PBXFileReference; lastKnownFileType = sourcecode.swift; path = CompositeTableUITests.swift; sourceTree = "<group>"; };
		CC17CDDB298FEB240066A7C8 /* CompositeTableUITestsLaunchTests.swift */ = {isa = PBXFileReference; lastKnownFileType = sourcecode.swift; path = CompositeTableUITestsLaunchTests.swift; sourceTree = "<group>"; };
		CC7C20A5299C976D00C5CF07 /* TableViewSectionProvider.swift */ = {isa = PBXFileReference; lastKnownFileType = sourcecode.swift; path = TableViewSectionProvider.swift; sourceTree = "<group>"; };
		CC7C20A7299CE39A00C5CF07 /* RandomNumberSectionProvider.swift */ = {isa = PBXFileReference; lastKnownFileType = sourcecode.swift; path = RandomNumberSectionProvider.swift; sourceTree = "<group>"; };
		CC7C20A9299CE40C00C5CF07 /* SimpleTableCell.swift */ = {isa = PBXFileReference; lastKnownFileType = sourcecode.swift; path = SimpleTableCell.swift; sourceTree = "<group>"; };
		CC7C20AB299CE43700C5CF07 /* SimpleTableCell.xib */ = {isa = PBXFileReference; lastKnownFileType = file.xib; path = SimpleTableCell.xib; sourceTree = "<group>"; };
		CC7C20B0299E0AAF00C5CF07 /* RandomNumberSectionHeader.swift */ = {isa = PBXFileReference; lastKnownFileType = sourcecode.swift; path = RandomNumberSectionHeader.swift; sourceTree = "<group>"; };
		CC7C20B2299E4E0E00C5CF07 /* ShoppingSearchVC.swift */ = {isa = PBXFileReference; lastKnownFileType = sourcecode.swift; path = ShoppingSearchVC.swift; sourceTree = "<group>"; };
		CC7C20B5299F2C0200C5CF07 /* TableItem.swift */ = {isa = PBXFileReference; lastKnownFileType = sourcecode.swift; path = TableItem.swift; sourceTree = "<group>"; };
		CC7C20B7299F2C4400C5CF07 /* TableSectionView.swift */ = {isa = PBXFileReference; lastKnownFileType = sourcecode.swift; path = TableSectionView.swift; sourceTree = "<group>"; };
		CC7C20B9299F2C7F00C5CF07 /* CompositeTableDataSource.swift */ = {isa = PBXFileReference; lastKnownFileType = sourcecode.swift; path = CompositeTableDataSource.swift; sourceTree = "<group>"; };
/* End PBXFileReference section */

/* Begin PBXFrameworksBuildPhase section */
		CC17CDB2298FEB230066A7C8 /* Frameworks */ = {
			isa = PBXFrameworksBuildPhase;
			buildActionMask = 2147483647;
			files = (
			);
			runOnlyForDeploymentPostprocessing = 0;
		};
		CC17CDC8298FEB240066A7C8 /* Frameworks */ = {
			isa = PBXFrameworksBuildPhase;
			buildActionMask = 2147483647;
			files = (
			);
			runOnlyForDeploymentPostprocessing = 0;
		};
		CC17CDD2298FEB240066A7C8 /* Frameworks */ = {
			isa = PBXFrameworksBuildPhase;
			buildActionMask = 2147483647;
			files = (
			);
			runOnlyForDeploymentPostprocessing = 0;
		};
/* End PBXFrameworksBuildPhase section */

/* Begin PBXGroup section */
		CC17CDAC298FEB230066A7C8 = {
			isa = PBXGroup;
			children = (
				CC17CDB7298FEB230066A7C8 /* CompositeTable */,
				CC17CDCE298FEB240066A7C8 /* CompositeTableTests */,
				CC17CDD8298FEB240066A7C8 /* CompositeTableUITests */,
				CC17CDB6298FEB230066A7C8 /* Products */,
			);
			sourceTree = "<group>";
		};
		CC17CDB6298FEB230066A7C8 /* Products */ = {
			isa = PBXGroup;
			children = (
				CC17CDB5298FEB230066A7C8 /* CompositeTable.app */,
				CC17CDCB298FEB240066A7C8 /* CompositeTableTests.xctest */,
				CC17CDD5298FEB240066A7C8 /* CompositeTableUITests.xctest */,
			);
			name = Products;
			sourceTree = "<group>";
		};
		CC17CDB7298FEB230066A7C8 /* CompositeTable */ = {
			isa = PBXGroup;
			children = (
				CC7C20B4299F2BC100C5CF07 /* CompositeTableDataSource */,
				CC63AD2229A38F8700FDB198 /* Samples */,
				CC17CDB8298FEB230066A7C8 /* AppDelegate.swift */,
				CC17CDBA298FEB230066A7C8 /* SceneDelegate.swift */,
				CC17CDBC298FEB230066A7C8 /* CompositeTableVC.swift */,
				CC17CDBE298FEB230066A7C8 /* Main.storyboard */,
				CC17CDC1298FEB240066A7C8 /* Assets.xcassets */,
				CC17CDC3298FEB240066A7C8 /* LaunchScreen.storyboard */,
				CC17CDC6298FEB240066A7C8 /* Info.plist */,
			);
			path = CompositeTable;
			sourceTree = "<group>";
		};
		CC17CDCE298FEB240066A7C8 /* CompositeTableTests */ = {
			isa = PBXGroup;
			children = (
				CC17CDCF298FEB240066A7C8 /* CompositeTableTests.swift */,
			);
			path = CompositeTableTests;
			sourceTree = "<group>";
		};
		CC17CDD8298FEB240066A7C8 /* CompositeTableUITests */ = {
			isa = PBXGroup;
			children = (
				CC17CDD9298FEB240066A7C8 /* CompositeTableUITests.swift */,
				CC17CDDB298FEB240066A7C8 /* CompositeTableUITestsLaunchTests.swift */,
			);
			path = CompositeTableUITests;
			sourceTree = "<group>";
		};
		CC63AD2229A38F8700FDB198 /* Samples */ = {
			isa = PBXGroup;
			children = (
				CC63AD2329A38FA100FDB198 /* RandomNumber */,
				CC7C20B2299E4E0E00C5CF07 /* ShoppingSearchVC.swift */,
			);
			path = Samples;
			sourceTree = "<group>";
		};
		CC63AD2329A38FA100FDB198 /* RandomNumber */ = {
			isa = PBXGroup;
			children = (
				CC7C20A7299CE39A00C5CF07 /* RandomNumberSectionProvider.swift */,
				CC7C20A9299CE40C00C5CF07 /* SimpleTableCell.swift */,
				CC7C20AB299CE43700C5CF07 /* SimpleTableCell.xib */,
				CC7C20B0299E0AAF00C5CF07 /* RandomNumberSectionHeader.swift */,
			);
			path = RandomNumber;
			sourceTree = "<group>";
		};
		CC7C20B4299F2BC100C5CF07 /* CompositeTableDataSource */ = {
			isa = PBXGroup;
			children = (
				CC7C20A5299C976D00C5CF07 /* TableViewSectionProvider.swift */,
				CC7C20B5299F2C0200C5CF07 /* TableItem.swift */,
				CC7C20B7299F2C4400C5CF07 /* TableSectionView.swift */,
				CC7C20B9299F2C7F00C5CF07 /* CompositeTableDataSource.swift */,
			);
			path = CompositeTableDataSource;
			sourceTree = "<group>";
		};
/* End PBXGroup section */

/* Begin PBXNativeTarget section */
		CC17CDB4298FEB230066A7C8 /* CompositeTable */ = {
			isa = PBXNativeTarget;
			buildConfigurationList = CC17CDDF298FEB240066A7C8 /* Build configuration list for PBXNativeTarget "CompositeTable" */;
			buildPhases = (
				CC17CDB1298FEB230066A7C8 /* Sources */,
				CC17CDB2298FEB230066A7C8 /* Frameworks */,
				CC17CDB3298FEB230066A7C8 /* Resources */,
			);
			buildRules = (
			);
			dependencies = (
			);
			name = CompositeTable;
			productName = CompositeTable;
			productReference = CC17CDB5298FEB230066A7C8 /* CompositeTable.app */;
			productType = "com.apple.product-type.application";
		};
		CC17CDCA298FEB240066A7C8 /* CompositeTableTests */ = {
			isa = PBXNativeTarget;
			buildConfigurationList = CC17CDE2298FEB240066A7C8 /* Build configuration list for PBXNativeTarget "CompositeTableTests" */;
			buildPhases = (
				CC17CDC7298FEB240066A7C8 /* Sources */,
				CC17CDC8298FEB240066A7C8 /* Frameworks */,
				CC17CDC9298FEB240066A7C8 /* Resources */,
			);
			buildRules = (
			);
			dependencies = (
				CC17CDCD298FEB240066A7C8 /* PBXTargetDependency */,
			);
			name = CompositeTableTests;
			productName = CompositeTableTests;
			productReference = CC17CDCB298FEB240066A7C8 /* CompositeTableTests.xctest */;
			productType = "com.apple.product-type.bundle.unit-test";
		};
		CC17CDD4298FEB240066A7C8 /* CompositeTableUITests */ = {
			isa = PBXNativeTarget;
			buildConfigurationList = CC17CDE5298FEB240066A7C8 /* Build configuration list for PBXNativeTarget "CompositeTableUITests" */;
			buildPhases = (
				CC17CDD1298FEB240066A7C8 /* Sources */,
				CC17CDD2298FEB240066A7C8 /* Frameworks */,
				CC17CDD3298FEB240066A7C8 /* Resources */,
			);
			buildRules = (
			);
			dependencies = (
				CC17CDD7298FEB240066A7C8 /* PBXTargetDependency */,
			);
			name = CompositeTableUITests;
			productName = CompositeTableUITests;
			productReference = CC17CDD5298FEB240066A7C8 /* CompositeTableUITests.xctest */;
			productType = "com.apple.product-type.bundle.ui-testing";
		};
/* End PBXNativeTarget section */

/* Begin PBXProject section */
		CC17CDAD298FEB230066A7C8 /* Project object */ = {
			isa = PBXProject;
			attributes = {
				BuildIndependentTargetsInParallel = 1;
				LastSwiftUpdateCheck = 1420;
				LastUpgradeCheck = 1420;
				TargetAttributes = {
					CC17CDB4298FEB230066A7C8 = {
						CreatedOnToolsVersion = 14.2;
					};
					CC17CDCA298FEB240066A7C8 = {
						CreatedOnToolsVersion = 14.2;
						TestTargetID = CC17CDB4298FEB230066A7C8;
					};
					CC17CDD4298FEB240066A7C8 = {
						CreatedOnToolsVersion = 14.2;
						TestTargetID = CC17CDB4298FEB230066A7C8;
					};
				};
			};
			buildConfigurationList = CC17CDB0298FEB230066A7C8 /* Build configuration list for PBXProject "CompositeTable" */;
			compatibilityVersion = "Xcode 14.0";
			developmentRegion = en;
			hasScannedForEncodings = 0;
			knownRegions = (
				en,
				Base,
			);
			mainGroup = CC17CDAC298FEB230066A7C8;
			productRefGroup = CC17CDB6298FEB230066A7C8 /* Products */;
			projectDirPath = "";
			projectRoot = "";
			targets = (
				CC17CDB4298FEB230066A7C8 /* CompositeTable */,
				CC17CDCA298FEB240066A7C8 /* CompositeTableTests */,
				CC17CDD4298FEB240066A7C8 /* CompositeTableUITests */,
			);
		};
/* End PBXProject section */

/* Begin PBXResourcesBuildPhase section */
		CC17CDB3298FEB230066A7C8 /* Resources */ = {
			isa = PBXResourcesBuildPhase;
			buildActionMask = 2147483647;
			files = (
				CC17CDC5298FEB240066A7C8 /* LaunchScreen.storyboard in Resources */,
				CC17CDC2298FEB240066A7C8 /* Assets.xcassets in Resources */,
				CC7C20AC299CE43700C5CF07 /* SimpleTableCell.xib in Resources */,
				CC17CDC0298FEB230066A7C8 /* Main.storyboard in Resources */,
			);
			runOnlyForDeploymentPostprocessing = 0;
		};
		CC17CDC9298FEB240066A7C8 /* Resources */ = {
			isa = PBXResourcesBuildPhase;
			buildActionMask = 2147483647;
			files = (
			);
			runOnlyForDeploymentPostprocessing = 0;
		};
		CC17CDD3298FEB240066A7C8 /* Resources */ = {
			isa = PBXResourcesBuildPhase;
			buildActionMask = 2147483647;
			files = (
			);
			runOnlyForDeploymentPostprocessing = 0;
		};
/* End PBXResourcesBuildPhase section */

/* Begin PBXSourcesBuildPhase section */
		CC17CDB1298FEB230066A7C8 /* Sources */ = {
			isa = PBXSourcesBuildPhase;
			buildActionMask = 2147483647;
			files = (
				CC7C20B3299E4E0E00C5CF07 /* ShoppingSearchVC.swift in Sources */,
				CC7C20B8299F2C4400C5CF07 /* TableSectionView.swift in Sources */,
				CC7C20A6299C976D00C5CF07 /* TableViewSectionProvider.swift in Sources */,
				CC7C20BA299F2C7F00C5CF07 /* CompositeTableDataSource.swift in Sources */,
				CC17CDBD298FEB230066A7C8 /* CompositeTableVC.swift in Sources */,
				CC17CDB9298FEB230066A7C8 /* AppDelegate.swift in Sources */,
				CC7C20A8299CE39A00C5CF07 /* RandomNumberSectionProvider.swift in Sources */,
				CC7C20AA299CE40C00C5CF07 /* SimpleTableCell.swift in Sources */,
				CC7C20B1299E0AAF00C5CF07 /* RandomNumberSectionHeader.swift in Sources */,
				CC7C20B6299F2C0200C5CF07 /* TableItem.swift in Sources */,
				CC17CDBB298FEB230066A7C8 /* SceneDelegate.swift in Sources */,
			);
			runOnlyForDeploymentPostprocessing = 0;
		};
		CC17CDC7298FEB240066A7C8 /* Sources */ = {
			isa = PBXSourcesBuildPhase;
			buildActionMask = 2147483647;
			files = (
				CC17CDD0298FEB240066A7C8 /* CompositeTableTests.swift in Sources */,
			);
			runOnlyForDeploymentPostprocessing = 0;
		};
		CC17CDD1298FEB240066A7C8 /* Sources */ = {
			isa = PBXSourcesBuildPhase;
			buildActionMask = 2147483647;
			files = (
				CC17CDDA298FEB240066A7C8 /* CompositeTableUITests.swift in Sources */,
				CC17CDDC298FEB240066A7C8 /* CompositeTableUITestsLaunchTests.swift in Sources */,
			);
			runOnlyForDeploymentPostprocessing = 0;
		};
/* End PBXSourcesBuildPhase section */

/* Begin PBXTargetDependency section */
		CC17CDCD298FEB240066A7C8 /* PBXTargetDependency */ = {
			isa = PBXTargetDependency;
			target = CC17CDB4298FEB230066A7C8 /* CompositeTable */;
			targetProxy = CC17CDCC298FEB240066A7C8 /* PBXContainerItemProxy */;
		};
		CC17CDD7298FEB240066A7C8 /* PBXTargetDependency */ = {
			isa = PBXTargetDependency;
			target = CC17CDB4298FEB230066A7C8 /* CompositeTable */;
			targetProxy = CC17CDD6298FEB240066A7C8 /* PBXContainerItemProxy */;
		};
/* End PBXTargetDependency section */

/* Begin PBXVariantGroup section */
		CC17CDBE298FEB230066A7C8 /* Main.storyboard */ = {
			isa = PBXVariantGroup;
			children = (
				CC17CDBF298FEB230066A7C8 /* Base */,
			);
			name = Main.storyboard;
			sourceTree = "<group>";
		};
		CC17CDC3298FEB240066A7C8 /* LaunchScreen.storyboard */ = {
			isa = PBXVariantGroup;
			children = (
				CC17CDC4298FEB240066A7C8 /* Base */,
			);
			name = LaunchScreen.storyboard;
			sourceTree = "<group>";
		};
/* End PBXVariantGroup section */

/* Begin XCBuildConfiguration section */
		CC17CDDD298FEB240066A7C8 /* Debug */ = {
			isa = XCBuildConfiguration;
			buildSettings = {
				ALWAYS_SEARCH_USER_PATHS = NO;
				CLANG_ANALYZER_NONNULL = YES;
				CLANG_ANALYZER_NUMBER_OBJECT_CONVERSION = YES_AGGRESSIVE;
				CLANG_CXX_LANGUAGE_STANDARD = "gnu++20";
				CLANG_ENABLE_MODULES = YES;
				CLANG_ENABLE_OBJC_ARC = YES;
				CLANG_ENABLE_OBJC_WEAK = YES;
				CLANG_WARN_BLOCK_CAPTURE_AUTORELEASING = YES;
				CLANG_WARN_BOOL_CONVERSION = YES;
				CLANG_WARN_COMMA = YES;
				CLANG_WARN_CONSTANT_CONVERSION = YES;
				CLANG_WARN_DEPRECATED_OBJC_IMPLEMENTATIONS = YES;
				CLANG_WARN_DIRECT_OBJC_ISA_USAGE = YES_ERROR;
				CLANG_WARN_DOCUMENTATION_COMMENTS = YES;
				CLANG_WARN_EMPTY_BODY = YES;
				CLANG_WARN_ENUM_CONVERSION = YES;
				CLANG_WARN_INFINITE_RECURSION = YES;
				CLANG_WARN_INT_CONVERSION = YES;
				CLANG_WARN_NON_LITERAL_NULL_CONVERSION = YES;
				CLANG_WARN_OBJC_IMPLICIT_RETAIN_SELF = YES;
				CLANG_WARN_OBJC_LITERAL_CONVERSION = YES;
				CLANG_WARN_OBJC_ROOT_CLASS = YES_ERROR;
				CLANG_WARN_QUOTED_INCLUDE_IN_FRAMEWORK_HEADER = YES;
				CLANG_WARN_RANGE_LOOP_ANALYSIS = YES;
				CLANG_WARN_STRICT_PROTOTYPES = YES;
				CLANG_WARN_SUSPICIOUS_MOVE = YES;
				CLANG_WARN_UNGUARDED_AVAILABILITY = YES_AGGRESSIVE;
				CLANG_WARN_UNREACHABLE_CODE = YES;
				CLANG_WARN__DUPLICATE_METHOD_MATCH = YES;
				COPY_PHASE_STRIP = NO;
				DEBUG_INFORMATION_FORMAT = dwarf;
				ENABLE_STRICT_OBJC_MSGSEND = YES;
				ENABLE_TESTABILITY = YES;
				GCC_C_LANGUAGE_STANDARD = gnu11;
				GCC_DYNAMIC_NO_PIC = NO;
				GCC_NO_COMMON_BLOCKS = YES;
				GCC_OPTIMIZATION_LEVEL = 0;
				GCC_PREPROCESSOR_DEFINITIONS = (
					"DEBUG=1",
					"$(inherited)",
				);
				GCC_WARN_64_TO_32_BIT_CONVERSION = YES;
				GCC_WARN_ABOUT_RETURN_TYPE = YES_ERROR;
				GCC_WARN_UNDECLARED_SELECTOR = YES;
				GCC_WARN_UNINITIALIZED_AUTOS = YES_AGGRESSIVE;
				GCC_WARN_UNUSED_FUNCTION = YES;
				GCC_WARN_UNUSED_VARIABLE = YES;
				IPHONEOS_DEPLOYMENT_TARGET = 16.2;
				MTL_ENABLE_DEBUG_INFO = INCLUDE_SOURCE;
				MTL_FAST_MATH = YES;
				ONLY_ACTIVE_ARCH = YES;
				SDKROOT = iphoneos;
				SWIFT_ACTIVE_COMPILATION_CONDITIONS = DEBUG;
				SWIFT_OPTIMIZATION_LEVEL = "-Onone";
			};
			name = Debug;
		};
		CC17CDDE298FEB240066A7C8 /* Release */ = {
			isa = XCBuildConfiguration;
			buildSettings = {
				ALWAYS_SEARCH_USER_PATHS = NO;
				CLANG_ANALYZER_NONNULL = YES;
				CLANG_ANALYZER_NUMBER_OBJECT_CONVERSION = YES_AGGRESSIVE;
				CLANG_CXX_LANGUAGE_STANDARD = "gnu++20";
				CLANG_ENABLE_MODULES = YES;
				CLANG_ENABLE_OBJC_ARC = YES;
				CLANG_ENABLE_OBJC_WEAK = YES;
				CLANG_WARN_BLOCK_CAPTURE_AUTORELEASING = YES;
				CLANG_WARN_BOOL_CONVERSION = YES;
				CLANG_WARN_COMMA = YES;
				CLANG_WARN_CONSTANT_CONVERSION = YES;
				CLANG_WARN_DEPRECATED_OBJC_IMPLEMENTATIONS = YES;
				CLANG_WARN_DIRECT_OBJC_ISA_USAGE = YES_ERROR;
				CLANG_WARN_DOCUMENTATION_COMMENTS = YES;
				CLANG_WARN_EMPTY_BODY = YES;
				CLANG_WARN_ENUM_CONVERSION = YES;
				CLANG_WARN_INFINITE_RECURSION = YES;
				CLANG_WARN_INT_CONVERSION = YES;
				CLANG_WARN_NON_LITERAL_NULL_CONVERSION = YES;
				CLANG_WARN_OBJC_IMPLICIT_RETAIN_SELF = YES;
				CLANG_WARN_OBJC_LITERAL_CONVERSION = YES;
				CLANG_WARN_OBJC_ROOT_CLASS = YES_ERROR;
				CLANG_WARN_QUOTED_INCLUDE_IN_FRAMEWORK_HEADER = YES;
				CLANG_WARN_RANGE_LOOP_ANALYSIS = YES;
				CLANG_WARN_STRICT_PROTOTYPES = YES;
				CLANG_WARN_SUSPICIOUS_MOVE = YES;
				CLANG_WARN_UNGUARDED_AVAILABILITY = YES_AGGRESSIVE;
				CLANG_WARN_UNREACHABLE_CODE = YES;
				CLANG_WARN__DUPLICATE_METHOD_MATCH = YES;
				COPY_PHASE_STRIP = NO;
				DEBUG_INFORMATION_FORMAT = "dwarf-with-dsym";
				ENABLE_NS_ASSERTIONS = NO;
				ENABLE_STRICT_OBJC_MSGSEND = YES;
				GCC_C_LANGUAGE_STANDARD = gnu11;
				GCC_NO_COMMON_BLOCKS = YES;
				GCC_WARN_64_TO_32_BIT_CONVERSION = YES;
				GCC_WARN_ABOUT_RETURN_TYPE = YES_ERROR;
				GCC_WARN_UNDECLARED_SELECTOR = YES;
				GCC_WARN_UNINITIALIZED_AUTOS = YES_AGGRESSIVE;
				GCC_WARN_UNUSED_FUNCTION = YES;
				GCC_WARN_UNUSED_VARIABLE = YES;
				IPHONEOS_DEPLOYMENT_TARGET = 16.2;
				MTL_ENABLE_DEBUG_INFO = NO;
				MTL_FAST_MATH = YES;
				SDKROOT = iphoneos;
				SWIFT_COMPILATION_MODE = wholemodule;
				SWIFT_OPTIMIZATION_LEVEL = "-O";
				VALIDATE_PRODUCT = YES;
			};
			name = Release;
		};
		CC17CDE0298FEB240066A7C8 /* Debug */ = {
			isa = XCBuildConfiguration;
			buildSettings = {
				ASSETCATALOG_COMPILER_APPICON_NAME = AppIcon;
				ASSETCATALOG_COMPILER_GLOBAL_ACCENT_COLOR_NAME = AccentColor;
				CODE_SIGN_STYLE = Automatic;
				CURRENT_PROJECT_VERSION = 1;
				DEVELOPMENT_TEAM = AY3Q95T9QG;
				GENERATE_INFOPLIST_FILE = YES;
				INFOPLIST_FILE = CompositeTable/Info.plist;
				INFOPLIST_KEY_UIApplicationSupportsIndirectInputEvents = YES;
				INFOPLIST_KEY_UILaunchStoryboardName = LaunchScreen;
				INFOPLIST_KEY_UIMainStoryboardFile = Main;
				INFOPLIST_KEY_UISupportedInterfaceOrientations_iPad = "UIInterfaceOrientationPortrait UIInterfaceOrientationPortraitUpsideDown UIInterfaceOrientationLandscapeLeft UIInterfaceOrientationLandscapeRight";
				INFOPLIST_KEY_UISupportedInterfaceOrientations_iPhone = "UIInterfaceOrientationPortrait UIInterfaceOrientationLandscapeLeft UIInterfaceOrientationLandscapeRight";
				IPHONEOS_DEPLOYMENT_TARGET = 13.0;
				LD_RUNPATH_SEARCH_PATHS = (
					"$(inherited)",
					"@executable_path/Frameworks",
				);
				MARKETING_VERSION = 1.0;
				PRODUCT_BUNDLE_IDENTIFIER = com.cdek.CompositeTable;
				PRODUCT_NAME = "$(TARGET_NAME)";
				SWIFT_EMIT_LOC_STRINGS = YES;
				SWIFT_VERSION = 5.0;
				TARGETED_DEVICE_FAMILY = "1,2";
			};
			name = Debug;
		};
		CC17CDE1298FEB240066A7C8 /* Release */ = {
			isa = XCBuildConfiguration;
			buildSettings = {
				ASSETCATALOG_COMPILER_APPICON_NAME = AppIcon;
				ASSETCATALOG_COMPILER_GLOBAL_ACCENT_COLOR_NAME = AccentColor;
				CODE_SIGN_STYLE = Automatic;
				CURRENT_PROJECT_VERSION = 1;
				DEVELOPMENT_TEAM = AY3Q95T9QG;
				GENERATE_INFOPLIST_FILE = YES;
				INFOPLIST_FILE = CompositeTable/Info.plist;
				INFOPLIST_KEY_UIApplicationSupportsIndirectInputEvents = YES;
				INFOPLIST_KEY_UILaunchStoryboardName = LaunchScreen;
				INFOPLIST_KEY_UIMainStoryboardFile = Main;
				INFOPLIST_KEY_UISupportedInterfaceOrientations_iPad = "UIInterfaceOrientationPortrait UIInterfaceOrientationPortraitUpsideDown UIInterfaceOrientationLandscapeLeft UIInterfaceOrientationLandscapeRight";
				INFOPLIST_KEY_UISupportedInterfaceOrientations_iPhone = "UIInterfaceOrientationPortrait UIInterfaceOrientationLandscapeLeft UIInterfaceOrientationLandscapeRight";
				IPHONEOS_DEPLOYMENT_TARGET = 13.0;
				LD_RUNPATH_SEARCH_PATHS = (
					"$(inherited)",
					"@executable_path/Frameworks",
				);
				MARKETING_VERSION = 1.0;
				PRODUCT_BUNDLE_IDENTIFIER = com.cdek.CompositeTable;
				PRODUCT_NAME = "$(TARGET_NAME)";
				SWIFT_EMIT_LOC_STRINGS = YES;
				SWIFT_VERSION = 5.0;
				TARGETED_DEVICE_FAMILY = "1,2";
			};
			name = Release;
		};
		CC17CDE3298FEB240066A7C8 /* Debug */ = {
			isa = XCBuildConfiguration;
			buildSettings = {
				ALWAYS_EMBED_SWIFT_STANDARD_LIBRARIES = YES;
				BUNDLE_LOADER = "$(TEST_HOST)";
				CODE_SIGN_STYLE = Automatic;
				CURRENT_PROJECT_VERSION = 1;
				DEVELOPMENT_TEAM = AY3Q95T9QG;
				GENERATE_INFOPLIST_FILE = YES;
				IPHONEOS_DEPLOYMENT_TARGET = 16.2;
				MARKETING_VERSION = 1.0;
				PRODUCT_BUNDLE_IDENTIFIER = com.cdek.CompositeTableTests;
				PRODUCT_NAME = "$(TARGET_NAME)";
				SWIFT_EMIT_LOC_STRINGS = NO;
				SWIFT_VERSION = 5.0;
				TARGETED_DEVICE_FAMILY = "1,2";
				TEST_HOST = "$(BUILT_PRODUCTS_DIR)/CompositeTable.app/$(BUNDLE_EXECUTABLE_FOLDER_PATH)/CompositeTable";
			};
			name = Debug;
		};
		CC17CDE4298FEB240066A7C8 /* Release */ = {
			isa = XCBuildConfiguration;
			buildSettings = {
				ALWAYS_EMBED_SWIFT_STANDARD_LIBRARIES = YES;
				BUNDLE_LOADER = "$(TEST_HOST)";
				CODE_SIGN_STYLE = Automatic;
				CURRENT_PROJECT_VERSION = 1;
				DEVELOPMENT_TEAM = AY3Q95T9QG;
				GENERATE_INFOPLIST_FILE = YES;
				IPHONEOS_DEPLOYMENT_TARGET = 16.2;
				MARKETING_VERSION = 1.0;
				PRODUCT_BUNDLE_IDENTIFIER = com.cdek.CompositeTableTests;
				PRODUCT_NAME = "$(TARGET_NAME)";
				SWIFT_EMIT_LOC_STRINGS = NO;
				SWIFT_VERSION = 5.0;
				TARGETED_DEVICE_FAMILY = "1,2";
				TEST_HOST = "$(BUILT_PRODUCTS_DIR)/CompositeTable.app/$(BUNDLE_EXECUTABLE_FOLDER_PATH)/CompositeTable";
			};
			name = Release;
		};
		CC17CDE6298FEB240066A7C8 /* Debug */ = {
			isa = XCBuildConfiguration;
			buildSettings = {
				ALWAYS_EMBED_SWIFT_STANDARD_LIBRARIES = YES;
				CODE_SIGN_STYLE = Automatic;
				CURRENT_PROJECT_VERSION = 1;
				DEVELOPMENT_TEAM = AY3Q95T9QG;
				GENERATE_INFOPLIST_FILE = YES;
				MARKETING_VERSION = 1.0;
				PRODUCT_BUNDLE_IDENTIFIER = com.cdek.CompositeTableUITests;
				PRODUCT_NAME = "$(TARGET_NAME)";
				SWIFT_EMIT_LOC_STRINGS = NO;
				SWIFT_VERSION = 5.0;
				TARGETED_DEVICE_FAMILY = "1,2";
				TEST_TARGET_NAME = CompositeTable;
			};
			name = Debug;
		};
		CC17CDE7298FEB240066A7C8 /* Release */ = {
			isa = XCBuildConfiguration;
			buildSettings = {
				ALWAYS_EMBED_SWIFT_STANDARD_LIBRARIES = YES;
				CODE_SIGN_STYLE = Automatic;
				CURRENT_PROJECT_VERSION = 1;
				DEVELOPMENT_TEAM = AY3Q95T9QG;
				GENERATE_INFOPLIST_FILE = YES;
				MARKETING_VERSION = 1.0;
				PRODUCT_BUNDLE_IDENTIFIER = com.cdek.CompositeTableUITests;
				PRODUCT_NAME = "$(TARGET_NAME)";
				SWIFT_EMIT_LOC_STRINGS = NO;
				SWIFT_VERSION = 5.0;
				TARGETED_DEVICE_FAMILY = "1,2";
				TEST_TARGET_NAME = CompositeTable;
			};
			name = Release;
		};
/* End XCBuildConfiguration section */

/* Begin XCConfigurationList section */
		CC17CDB0298FEB230066A7C8 /* Build configuration list for PBXProject "CompositeTable" */ = {
			isa = XCConfigurationList;
			buildConfigurations = (
				CC17CDDD298FEB240066A7C8 /* Debug */,
				CC17CDDE298FEB240066A7C8 /* Release */,
			);
			defaultConfigurationIsVisible = 0;
			defaultConfigurationName = Release;
		};
		CC17CDDF298FEB240066A7C8 /* Build configuration list for PBXNativeTarget "CompositeTable" */ = {
			isa = XCConfigurationList;
			buildConfigurations = (
				CC17CDE0298FEB240066A7C8 /* Debug */,
				CC17CDE1298FEB240066A7C8 /* Release */,
			);
			defaultConfigurationIsVisible = 0;
			defaultConfigurationName = Release;
		};
		CC17CDE2298FEB240066A7C8 /* Build configuration list for PBXNativeTarget "CompositeTableTests" */ = {
			isa = XCConfigurationList;
			buildConfigurations = (
				CC17CDE3298FEB240066A7C8 /* Debug */,
				CC17CDE4298FEB240066A7C8 /* Release */,
			);
			defaultConfigurationIsVisible = 0;
			defaultConfigurationName = Release;
		};
		CC17CDE5298FEB240066A7C8 /* Build configuration list for PBXNativeTarget "CompositeTableUITests" */ = {
			isa = XCConfigurationList;
			buildConfigurations = (
				CC17CDE6298FEB240066A7C8 /* Debug */,
				CC17CDE7298FEB240066A7C8 /* Release */,
			);
			defaultConfigurationIsVisible = 0;
			defaultConfigurationName = Release;
		};
/* End XCConfigurationList section */
	};
	rootObject = CC17CDAD298FEB230066A7C8 /* Project object */;
}
